
Microsoft Visual Studio Solution File, Format Version 12.00
# Visual Studio Version 16
VisualStudioVersion = 16.0.31702.278
MinimumVisualStudioVersion = 10.0.40219.1
Project("{FAE04EC0-301F-11D3-BF4B-00C04F79EFBC}") = "ProspereTest3", "ProspereTest3\ProspereTest3.csproj", "{3610CF5A-B06B-4EA5-BADF-51020F3296EF}"
EndProject
Global
	GlobalSection(SolutionConfigurationPlatforms) = preSolution
		Debug|Any CPU = Debug|Any CPU
		Release|Any CPU = Release|Any CPU
	EndGlobalSection
	GlobalSection(ProjectConfigurationPlatforms) = postSolution
		{3610CF5A-B06B-4EA5-BADF-51020F3296EF}.Debug|Any CPU.ActiveCfg = Debug|Any CPU
		{3610CF5A-B06B-4EA5-BADF-51020F3296EF}.Debug|Any CPU.Build.0 = Debug|Any CPU
		{3610CF5A-B06B-4EA5-BADF-51020F3296EF}.Release|Any CPU.ActiveCfg = Release|Any CPU
		{3610CF5A-B06B-4EA5-BADF-51020F3296EF}.Release|Any CPU.Build.0 = Release|Any CPU
	EndGlobalSection
	GlobalSection(SolutionProperties) = preSolution
		HideSolutionNode = FALSE
	EndGlobalSection
	GlobalSection(ExtensibilityGlobals) = postSolution
		SolutionGuid = {B24F024E-AB8C-494B-8184-12C297FD304A}
	EndGlobalSection
EndGlobal
